
Microsoft Visual Studio Solution File, Format Version 11.00
# Visual Studio 2010
Project("{FAE04EC0-301F-11D3-BF4B-00C04F79EFBC}") = "fps-first-try", "Assembly-CSharp-firstpass.csproj", "{659BEEA5-F1DF-D762-0EE3-394A4C0E50EC}"
EndProject
Project("{FAE04EC0-301F-11D3-BF4B-00C04F79EFBC}") = "fps-first-try", "Assembly-CSharp.csproj", "{77DDCE18-4D08-73CB-81AA-8E22DEB14160}"
EndProject
Project("{FAE04EC0-301F-11D3-BF4B-00C04F79EFBC}") = "fps-first-try", "Assembly-CSharp-Editor-firstpass.csproj", "{162EA097-1AF5-735B-109B-6CBD928C5CCE}"
EndProject
Project("{FAE04EC0-301F-11D3-BF4B-00C04F79EFBC}") = "fps-first-try", "Assembly-CSharp-Editor.csproj", "{DBAA296E-8F17-4DFA-CC70-32AE27F4F0CC}"
EndProject
Global
	GlobalSection(SolutionConfigurationPlatforms) = preSolution
		Debug|Any CPU = Debug|Any CPU
		Release|Any CPU = Release|Any CPU
	EndGlobalSection
	GlobalSection(ProjectConfigurationPlatforms) = postSolution
		{659BEEA5-F1DF-D762-0EE3-394A4C0E50EC}.Debug|Any CPU.ActiveCfg = Debug|Any CPU
		{659BEEA5-F1DF-D762-0EE3-394A4C0E50EC}.Debug|Any CPU.Build.0 = Debug|Any CPU
		{659BEEA5-F1DF-D762-0EE3-394A4C0E50EC}.Release|Any CPU.ActiveCfg = Release|Any CPU
		{659BEEA5-F1DF-D762-0EE3-394A4C0E50EC}.Release|Any CPU.Build.0 = Release|Any CPU
		{77DDCE18-4D08-73CB-81AA-8E22DEB14160}.Debug|Any CPU.ActiveCfg = Debug|Any CPU
		{77DDCE18-4D08-73CB-81AA-8E22DEB14160}.Debug|Any CPU.Build.0 = Debug|Any CPU
		{77DDCE18-4D08-73CB-81AA-8E22DEB14160}.Release|Any CPU.ActiveCfg = Release|Any CPU
		{77DDCE18-4D08-73CB-81AA-8E22DEB14160}.Release|Any CPU.Build.0 = Release|Any CPU
		{162EA097-1AF5-735B-109B-6CBD928C5CCE}.Debug|Any CPU.ActiveCfg = Debug|Any CPU
		{162EA097-1AF5-735B-109B-6CBD928C5CCE}.Debug|Any CPU.Build.0 = Debug|Any CPU
		{162EA097-1AF5-735B-109B-6CBD928C5CCE}.Release|Any CPU.ActiveCfg = Release|Any CPU
		{162EA097-1AF5-735B-109B-6CBD928C5CCE}.Release|Any CPU.Build.0 = Release|Any CPU
		{DBAA296E-8F17-4DFA-CC70-32AE27F4F0CC}.Debug|Any CPU.ActiveCfg = Debug|Any CPU
		{DBAA296E-8F17-4DFA-CC70-32AE27F4F0CC}.Debug|Any CPU.Build.0 = Debug|Any CPU
		{DBAA296E-8F17-4DFA-CC70-32AE27F4F0CC}.Release|Any CPU.ActiveCfg = Release|Any CPU
		{DBAA296E-8F17-4DFA-CC70-32AE27F4F0CC}.Release|Any CPU.Build.0 = Release|Any CPU
	EndGlobalSection
	GlobalSection(SolutionProperties) = preSolution
		HideSolutionNode = FALSE
	EndGlobalSection
	GlobalSection(MonoDevelopProperties) = preSolution
		StartupItem = Assembly-CSharp.csproj
	EndGlobalSection
EndGlobal
